
Microsoft Visual Studio Solution File, Format Version 12.00
# Visual Studio 15
VisualStudioVersion = 15.0.27130.2010
MinimumVisualStudioVersion = 10.0.40219.1
Project("{FAE04EC0-301F-11D3-BF4B-00C04F79EFBC}") = "K_C_S_J", "K_C_S_J\K_C_S_J.csproj", "{C9E68C22-FC43-4C77-816F-A71900DB488A}"
EndProject
Global
	GlobalSection(SolutionConfigurationPlatforms) = preSolution
		Debug|Any CPU = Debug|Any CPU
		Release|Any CPU = Release|Any CPU
	EndGlobalSection
	GlobalSection(ProjectConfigurationPlatforms) = postSolution
		{C9E68C22-FC43-4C77-816F-A71900DB488A}.Debug|Any CPU.ActiveCfg = Debug|Any CPU
		{C9E68C22-FC43-4C77-816F-A71900DB488A}.Debug|Any CPU.Build.0 = Debug|Any CPU
		{C9E68C22-FC43-4C77-816F-A71900DB488A}.Release|Any CPU.ActiveCfg = Release|Any CPU
		{C9E68C22-FC43-4C77-816F-A71900DB488A}.Release|Any CPU.Build.0 = Release|Any CPU
	EndGlobalSection
	GlobalSection(SolutionProperties) = preSolution
		HideSolutionNode = FALSE
	EndGlobalSection
	GlobalSection(ExtensibilityGlobals) = postSolution
		SolutionGuid = {54E8045E-522C-46FE-B807-FC74B8964FFA}
	EndGlobalSection
EndGlobal
